schema: '2.0'
stages:
  prepare:
    cmd: python src/prepare.py --config params.yaml
    deps:
    - path: data/raw/MachineLearningRating_v3.zip
      hash: md5
      md5: 8b89e33fc02624a98169f298012e535f
      size: 16611140
    - path: src/prepare.py
      hash: md5
      md5: 6aaa440dacb1109291658e22d47c8136
      size: 2095
    params:
      params.yaml:
        prepare.seed: 42
        prepare.split_ratio: 0.2
    outs:
    - path: data/processed/cleaned_insurance_data.csv
      hash: md5
      md5: 99db4d7b42d91318861078de3fedbb70
      size: 421934126
    - path: data/processed/test.csv
      hash: md5
      md5: 245ae28f3ec8a40c07ba23f6cee8df64
      size: 105494179
  train:
    cmd: python src/modeling.py --config params.yaml
    deps:
    - path: data/processed/cleaned_insurance_data.csv
      hash: md5
      md5: 99db4d7b42d91318861078de3fedbb70
      size: 421934126
    - path: src/modeling.py
      hash: md5
      md5: fe79ef058b65ea92866478bbfbbc2844
      size: 4616
    params:
      params.yaml:
        train.batch_size: 32
        train.epochs: 100
        train.lr: 0.001
    outs:
    - path: models/model.pkl
      hash: md5
      md5: 4ad71cefad4b5f5341ee06749d717085
      size: 57
  evaluate:
    cmd: python src/modeling.py --config params.yaml
    deps:
    - path: data/processed/cleaned_insurance_data.csv
      hash: md5
      md5: 99db4d7b42d91318861078de3fedbb70
      size: 421934126
    - path: models/model.pkl
      hash: md5
      md5: 4ad71cefad4b5f5341ee06749d717085
      size: 57
    - path: src/modeling.py
      hash: md5
      md5: fe79ef058b65ea92866478bbfbbc2844
      size: 4616
    outs:
    - path: evaluation/metrics.json
      hash: md5
      md5: 06c42079cec0cbfc8da997bff8516fed
      size: 57
    - path: evaluation/plots/confusion_matrix.json
      hash: md5
      md5: 4afaead1410703cf15e7e74bff245a40
      size: 510
